
Microsoft Visual Studio Solution File, Format Version 12.00
# Visual Studio Version 17
VisualStudioVersion = 17.10.35004.147
MinimumVisualStudioVersion = 10.0.40219.1
Project("{FAE04EC0-301F-11D3-BF4B-00C04F79EFBC}") = "CapstoneBack", "CapstoneBack\CapstoneBack.csproj", "{B4FA1478-79D0-48AC-A7D3-FA5EEA29689B}"
EndProject
Global
	GlobalSection(SolutionConfigurationPlatforms) = preSolution
		Debug|Any CPU = Debug|Any CPU
		Release|Any CPU = Release|Any CPU
	EndGlobalSection
	GlobalSection(ProjectConfigurationPlatforms) = postSolution
		{B4FA1478-79D0-48AC-A7D3-FA5EEA29689B}.Debug|Any CPU.ActiveCfg = Debug|Any CPU
		{B4FA1478-79D0-48AC-A7D3-FA5EEA29689B}.Debug|Any CPU.Build.0 = Debug|Any CPU
		{B4FA1478-79D0-48AC-A7D3-FA5EEA29689B}.Release|Any CPU.ActiveCfg = Release|Any CPU
		{B4FA1478-79D0-48AC-A7D3-FA5EEA29689B}.Release|Any CPU.Build.0 = Release|Any CPU
	EndGlobalSection
	GlobalSection(SolutionProperties) = preSolution
		HideSolutionNode = FALSE
	EndGlobalSection
	GlobalSection(ExtensibilityGlobals) = postSolution
		SolutionGuid = {730A4837-C8E8-4E64-8707-243CF114393F}
	EndGlobalSection
EndGlobal
